// !$*UTF8*$!
{
	archiveVersion = 1;
	classes = {
	};
	objectVersion = 46;
	objects = {

/* Begin PBXBuildFile section */
		9461A1461F22113300FB6A7F /* main.c in Sources */ = {isa = PBXBuildFile; fileRef = 9461A13F1F22113300FB6A7F /* main.c */; };
		9461A1471F22113300FB6A7F /* tun.c in Sources */ = {isa = PBXBuildFile; fileRef = 9461A1451F22113300FB6A7F /* tun.c */; };
		9461A14B1F222E2E00FB6A7F /* util.c in Sources */ = {isa = PBXBuildFile; fileRef = 9461A14A1F222E2E00FB6A7F /* util.c */; };
/* End PBXBuildFile section */

/* Begin PBXCopyFilesBuildPhase section */
		9461A1331F2210CF00FB6A7F /* CopyFiles */ = {
			isa = PBXCopyFilesBuildPhase;
			buildActionMask = 2147483647;
			dstPath = /usr/share/man/man1/;
			dstSubfolderSpec = 0;
			files = (
			);
			runOnlyForDeploymentPostprocessing = 1;
		};
/* End PBXCopyFilesBuildPhase section */

/* Begin PBXFileReference section */
		9461A1351F2210CF00FB6A7F /* flee */ = {isa = PBXFileReference; explicitFileType = "compiled.mach-o.executable"; includeInIndex = 0; path = flee; sourceTree = BUILT_PRODUCTS_DIR; };
		9461A13F1F22113300FB6A7F /* main.c */ = {isa = PBXFileReference; fileEncoding = 4; lastKnownFileType = sourcecode.c.c; path = main.c; sourceTree = "<group>"; };
		9461A1421F22113300FB6A7F /* common.h */ = {isa = PBXFileReference; fileEncoding = 4; lastKnownFileType = sourcecode.c.h; path = common.h; sourceTree = "<group>"; };
		9461A1431F22113300FB6A7F /* tun.h */ = {isa = PBXFileReference; fileEncoding = 4; lastKnownFileType = sourcecode.c.h; path = tun.h; sourceTree = "<group>"; };
		9461A1441F22113300FB6A7F /* flee.h */ = {isa = PBXFileReference; fileEncoding = 4; lastKnownFileType = sourcecode.c.h; path = flee.h; sourceTree = "<group>"; };
		9461A1451F22113300FB6A7F /* tun.c */ = {isa = PBXFileReference; fileEncoding = 4; lastKnownFileType = sourcecode.c.c; path = tun.c; sourceTree = "<group>"; };
		9461A1481F221DC900FB6A7F /* error.h */ = {isa = PBXFileReference; lastKnownFileType = sourcecode.c.h; path = error.h; sourceTree = "<group>"; };
		9461A1491F222D2D00FB6A7F /* util.h */ = {isa = PBXFileReference; lastKnownFileType = sourcecode.c.h; path = util.h; sourceTree = "<group>"; };
		9461A14A1F222E2E00FB6A7F /* util.c */ = {isa = PBXFileReference; fileEncoding = 4; lastKnownFileType = sourcecode.c.c; path = util.c; sourceTree = "<group>"; };
/* End PBXFileReference section */

/* Begin PBXFrameworksBuildPhase section */
		9461A1321F2210CF00FB6A7F /* Frameworks */ = {
			isa = PBXFrameworksBuildPhase;
			buildActionMask = 2147483647;
			files = (
			);
			runOnlyForDeploymentPostprocessing = 0;
		};
/* End PBXFrameworksBuildPhase section */

/* Begin PBXGroup section */
		9461A12C1F2210CF00FB6A7F = {
			isa = PBXGroup;
			children = (
				9461A1401F22113300FB6A7F /* include */,
				9461A13F1F22113300FB6A7F /* main.c */,
				9461A1451F22113300FB6A7F /* tun.c */,
				9461A14A1F222E2E00FB6A7F /* util.c */,
				9461A1361F2210CF00FB6A7F /* Products */,
			);
			sourceTree = "<group>";
		};
		9461A1361F2210CF00FB6A7F /* Products */ = {
			isa = PBXGroup;
			children = (
				9461A1351F2210CF00FB6A7F /* flee */,
			);
			name = Products;
			sourceTree = "<group>";
		};
		9461A1401F22113300FB6A7F /* include */ = {
			isa = PBXGroup;
			children = (
				9461A1411F22113300FB6A7F /* flee */,
				9461A1441F22113300FB6A7F /* flee.h */,
			);
			path = include;
			sourceTree = "<group>";
		};
		9461A1411F22113300FB6A7F /* flee */ = {
			isa = PBXGroup;
			children = (
				9461A1421F22113300FB6A7F /* common.h */,
				9461A1431F22113300FB6A7F /* tun.h */,
				9461A1481F221DC900FB6A7F /* error.h */,
				9461A1491F222D2D00FB6A7F /* util.h */,
			);
			path = flee;
			sourceTree = "<group>";
		};
/* End PBXGroup section */

/* Begin PBXNativeTarget section */
		9461A1341F2210CF00FB6A7F /* flee */ = {
			isa = PBXNativeTarget;
			buildConfigurationList = 9461A13C1F2210CF00FB6A7F /* Build configuration list for PBXNativeTarget "flee" */;
			buildPhases = (
				9461A1311F2210CF00FB6A7F /* Sources */,
				9461A1321F2210CF00FB6A7F /* Frameworks */,
				9461A1331F2210CF00FB6A7F /* CopyFiles */,
			);
			buildRules = (
			);
			dependencies = (
			);
			name = flee;
			productName = flee;
			productReference = 9461A1351F2210CF00FB6A7F /* flee */;
			productType = "com.apple.product-type.tool";
		};
/* End PBXNativeTarget section */

/* Begin PBXProject section */
		9461A12D1F2210CF00FB6A7F /* Project object */ = {
			isa = PBXProject;
			attributes = {
				LastUpgradeCheck = 0830;
				ORGANIZATIONNAME = YoRHa;
				TargetAttributes = {
					9461A1341F2210CF00FB6A7F = {
						CreatedOnToolsVersion = 8.3.3;
						ProvisioningStyle = Automatic;
					};
				};
			};
			buildConfigurationList = 9461A1301F2210CF00FB6A7F /* Build configuration list for PBXProject "flee" */;
			compatibilityVersion = "Xcode 3.2";
			developmentRegion = English;
			hasScannedForEncodings = 0;
			knownRegions = (
				en,
			);
			mainGroup = 9461A12C1F2210CF00FB6A7F;
			productRefGroup = 9461A1361F2210CF00FB6A7F /* Products */;
			projectDirPath = "";
			projectRoot = "";
			targets = (
				9461A1341F2210CF00FB6A7F /* flee */,
			);
		};
/* End PBXProject section */

/* Begin PBXSourcesBuildPhase section */
		9461A1311F2210CF00FB6A7F /* Sources */ = {
			isa = PBXSourcesBuildPhase;
			buildActionMask = 2147483647;
			files = (
				9461A1461F22113300FB6A7F /* main.c in Sources */,
				9461A1471F22113300FB6A7F /* tun.c in Sources */,
				9461A14B1F222E2E00FB6A7F /* util.c in Sources */,
			);
			runOnlyForDeploymentPostprocessing = 0;
		};
/* End PBXSourcesBuildPhase section */

/* Begin XCBuildConfiguration section */
		9461A13A1F2210CF00FB6A7F /* Debug */ = {
			isa = XCBuildConfiguration;
			buildSettings = {
				ALWAYS_SEARCH_USER_PATHS = NO;
				CLANG_ANALYZER_NONNULL = YES;
				CLANG_ANALYZER_NUMBER_OBJECT_CONVERSION = YES_AGGRESSIVE;
				CLANG_CXX_LANGUAGE_STANDARD = "gnu++0x";
				CLANG_CXX_LIBRARY = "libc++";
				CLANG_ENABLE_MODULES = YES;
				CLANG_ENABLE_OBJC_ARC = YES;
				CLANG_WARN_BOOL_CONVERSION = YES;
				CLANG_WARN_CONSTANT_CONVERSION = YES;
				CLANG_WARN_DIRECT_OBJC_ISA_USAGE = YES_ERROR;
				CLANG_WARN_DOCUMENTATION_COMMENTS = YES;
				CLANG_WARN_EMPTY_BODY = YES;
				CLANG_WARN_ENUM_CONVERSION = YES;
				CLANG_WARN_INFINITE_RECURSION = YES;
				CLANG_WARN_INT_CONVERSION = YES;
				CLANG_WARN_OBJC_ROOT_CLASS = YES_ERROR;
				CLANG_WARN_SUSPICIOUS_MOVE = YES;
				CLANG_WARN_UNREACHABLE_CODE = YES;
				CLANG_WARN__DUPLICATE_METHOD_MATCH = YES;
				CODE_SIGN_IDENTITY = "-";
				COPY_PHASE_STRIP = NO;
				DEBUG_INFORMATION_FORMAT = dwarf;
				ENABLE_STRICT_OBJC_MSGSEND = YES;
				ENABLE_TESTABILITY = YES;
				GCC_C_LANGUAGE_STANDARD = gnu99;
				GCC_DYNAMIC_NO_PIC = NO;
				GCC_NO_COMMON_BLOCKS = YES;
				GCC_OPTIMIZATION_LEVEL = 0;
				GCC_PREPROCESSOR_DEFINITIONS = (
					"DEBUG=1",
					"$(inherited)",
				);
				GCC_WARN_64_TO_32_BIT_CONVERSION = YES;
				GCC_WARN_ABOUT_RETURN_TYPE = YES_ERROR;
				GCC_WARN_UNDECLARED_SELECTOR = YES;
				GCC_WARN_UNINITIALIZED_AUTOS = YES_AGGRESSIVE;
				GCC_WARN_UNUSED_FUNCTION = YES;
				GCC_WARN_UNUSED_VARIABLE = YES;
				MACOSX_DEPLOYMENT_TARGET = 10.12;
				MTL_ENABLE_DEBUG_INFO = YES;
				ONLY_ACTIVE_ARCH = YES;
				SDKROOT = macosx;
			};
			name = Debug;
		};
		9461A13B1F2210CF00FB6A7F /* Release */ = {
			isa = XCBuildConfiguration;
			buildSettings = {
				ALWAYS_SEARCH_USER_PATHS = NO;
				CLANG_ANALYZER_NONNULL = YES;
				CLANG_ANALYZER_NUMBER_OBJECT_CONVERSION = YES_AGGRESSIVE;
				CLANG_CXX_LANGUAGE_STANDARD = "gnu++0x";
				CLANG_CXX_LIBRARY = "libc++";
				CLANG_ENABLE_MODULES = YES;
				CLANG_ENABLE_OBJC_ARC = YES;
				CLANG_WARN_BOOL_CONVERSION = YES;
				CLANG_WARN_CONSTANT_CONVERSION = YES;
				CLANG_WARN_DIRECT_OBJC_ISA_USAGE = YES_ERROR;
				CLANG_WARN_DOCUMENTATION_COMMENTS = YES;
				CLANG_WARN_EMPTY_BODY = YES;
				CLANG_WARN_ENUM_CONVERSION = YES;
				CLANG_WARN_INFINITE_RECURSION = YES;
				CLANG_WARN_INT_CONVERSION = YES;
				CLANG_WARN_OBJC_ROOT_CLASS = YES_ERROR;
				CLANG_WARN_SUSPICIOUS_MOVE = YES;
				CLANG_WARN_UNREACHABLE_CODE = YES;
				CLANG_WARN__DUPLICATE_METHOD_MATCH = YES;
				CODE_SIGN_IDENTITY = "-";
				COPY_PHASE_STRIP = NO;
				DEBUG_INFORMATION_FORMAT = "dwarf-with-dsym";
				ENABLE_NS_ASSERTIONS = NO;
				ENABLE_STRICT_OBJC_MSGSEND = YES;
				GCC_C_LANGUAGE_STANDARD = gnu99;
				GCC_NO_COMMON_BLOCKS = YES;
				GCC_WARN_64_TO_32_BIT_CONVERSION = YES;
				GCC_WARN_ABOUT_RETURN_TYPE = YES_ERROR;
				GCC_WARN_UNDECLARED_SELECTOR = YES;
				GCC_WARN_UNINITIALIZED_AUTOS = YES_AGGRESSIVE;
				GCC_WARN_UNUSED_FUNCTION = YES;
				GCC_WARN_UNUSED_VARIABLE = YES;
				MACOSX_DEPLOYMENT_TARGET = 10.12;
				MTL_ENABLE_DEBUG_INFO = NO;
				SDKROOT = macosx;
			};
			name = Release;
		};
		9461A13D1F2210CF00FB6A7F /* Debug */ = {
			isa = XCBuildConfiguration;
			buildSettings = {
				HEADER_SEARCH_PATHS = "$(SRCROOT)/include";
				PRODUCT_NAME = "$(TARGET_NAME)";
			};
			name = Debug;
		};
		9461A13E1F2210CF00FB6A7F /* Release */ = {
			isa = XCBuildConfiguration;
			buildSettings = {
				HEADER_SEARCH_PATHS = "$(SRCROOT)/include";
				PRODUCT_NAME = "$(TARGET_NAME)";
			};
			name = Release;
		};
/* End XCBuildConfiguration section */

/* Begin XCConfigurationList section */
		9461A1301F2210CF00FB6A7F /* Build configuration list for PBXProject "flee" */ = {
			isa = XCConfigurationList;
			buildConfigurations = (
				9461A13A1F2210CF00FB6A7F /* Debug */,
				9461A13B1F2210CF00FB6A7F /* Release */,
			);
			defaultConfigurationIsVisible = 0;
			defaultConfigurationName = Release;
		};
		9461A13C1F2210CF00FB6A7F /* Build configuration list for PBXNativeTarget "flee" */ = {
			isa = XCConfigurationList;
			buildConfigurations = (
				9461A13D1F2210CF00FB6A7F /* Debug */,
				9461A13E1F2210CF00FB6A7F /* Release */,
			);
			defaultConfigurationIsVisible = 0;
			defaultConfigurationName = Release;
		};
/* End XCConfigurationList section */
	};
	rootObject = 9461A12D1F2210CF00FB6A7F /* Project object */;
}
