// !$*UTF8*$!
{
	archiveVersion = 1;
	classes = {
	};
	objectVersion = 46;
	objects = {

/* Begin PBXBuildFile section */
		942771511F23C53E007EB726 /* client.c in Sources */ = {isa = PBXBuildFile; fileRef = 942771501F23C53E007EB726 /* client.c */; };
		947DA1611F24876E00BB6E27 /* libevent_core.a in Frameworks */ = {isa = PBXBuildFile; fileRef = 947DA15E1F24876E00BB6E27 /* libevent_core.a */; };
		947DA1621F24876E00BB6E27 /* libevent_extra.a in Frameworks */ = {isa = PBXBuildFile; fileRef = 947DA15F1F24876E00BB6E27 /* libevent_extra.a */; };
		947DA1631F24876E00BB6E27 /* libevent_pthreads.a in Frameworks */ = {isa = PBXBuildFile; fileRef = 947DA1601F24876E00BB6E27 /* libevent_pthreads.a */; };
		947DA1651F24877900BB6E27 /* libpthread.tbd in Frameworks */ = {isa = PBXBuildFile; fileRef = 947DA1641F24877900BB6E27 /* libpthread.tbd */; };
		947DA1671F2487B100BB6E27 /* libsodium.a in Frameworks */ = {isa = PBXBuildFile; fileRef = 947DA1661F2487B100BB6E27 /* libsodium.a */; };
		94C78D4A1F2264B200070279 /* main.c in Sources */ = {isa = PBXBuildFile; fileRef = 94C78D471F2264B200070279 /* main.c */; };
		94C78D4B1F2264B200070279 /* tun.c in Sources */ = {isa = PBXBuildFile; fileRef = 94C78D481F2264B200070279 /* tun.c */; };
		94C78D521F226D0300070279 /* crypto.c in Sources */ = {isa = PBXBuildFile; fileRef = 94C78D511F226D0300070279 /* crypto.c */; };
		94C78DB21F235EFC00070279 /* common.c in Sources */ = {isa = PBXBuildFile; fileRef = 94C78DB11F235EFC00070279 /* common.c */; };
/* End PBXBuildFile section */

/* Begin PBXCopyFilesBuildPhase section */
		9461A1331F2210CF00FB6A7F /* CopyFiles */ = {
			isa = PBXCopyFilesBuildPhase;
			buildActionMask = 2147483647;
			dstPath = /usr/share/man/man1/;
			dstSubfolderSpec = 0;
			files = (
			);
			runOnlyForDeploymentPostprocessing = 1;
		};
/* End PBXCopyFilesBuildPhase section */

/* Begin PBXFileReference section */
		9427714B1F2379C6007EB726 /* libsodium.a */ = {isa = PBXFileReference; lastKnownFileType = archive.ar; name = libsodium.a; path = deps/lib/libsodium.a; sourceTree = "<group>"; };
		9427714D1F23A33E007EB726 /* libuv.a */ = {isa = PBXFileReference; lastKnownFileType = archive.ar; name = libuv.a; path = deps/lib/libuv.a; sourceTree = "<group>"; };
		9427714F1F23C00F007EB726 /* client.h */ = {isa = PBXFileReference; lastKnownFileType = sourcecode.c.h; path = client.h; sourceTree = "<group>"; };
		942771501F23C53E007EB726 /* client.c */ = {isa = PBXFileReference; fileEncoding = 4; lastKnownFileType = sourcecode.c.c; path = client.c; sourceTree = "<group>"; };
		942771521F23EDD5007EB726 /* libevent_core.a */ = {isa = PBXFileReference; lastKnownFileType = archive.ar; name = libevent_core.a; path = deps/lib/libevent_core.a; sourceTree = "<group>"; };
		942771531F23EDD5007EB726 /* libevent_extra.a */ = {isa = PBXFileReference; lastKnownFileType = archive.ar; name = libevent_extra.a; path = deps/lib/libevent_extra.a; sourceTree = "<group>"; };
		942771541F23EDD5007EB726 /* libevent_pthreads.a */ = {isa = PBXFileReference; lastKnownFileType = archive.ar; name = libevent_pthreads.a; path = deps/lib/libevent_pthreads.a; sourceTree = "<group>"; };
		9461A1351F2210CF00FB6A7F /* flee */ = {isa = PBXFileReference; explicitFileType = "compiled.mach-o.executable"; includeInIndex = 0; path = flee; sourceTree = BUILT_PRODUCTS_DIR; };
		9461A1421F22113300FB6A7F /* common.h */ = {isa = PBXFileReference; fileEncoding = 4; lastKnownFileType = sourcecode.c.h; path = common.h; sourceTree = "<group>"; };
		9461A1431F22113300FB6A7F /* tun.h */ = {isa = PBXFileReference; fileEncoding = 4; lastKnownFileType = sourcecode.c.h; path = tun.h; sourceTree = "<group>"; };
		9461A1441F22113300FB6A7F /* flee.h */ = {isa = PBXFileReference; fileEncoding = 4; lastKnownFileType = sourcecode.c.h; path = flee.h; sourceTree = "<group>"; };
		947DA15E1F24876E00BB6E27 /* libevent_core.a */ = {isa = PBXFileReference; lastKnownFileType = archive.ar; name = libevent_core.a; path = "vendor/darwin-x86_64/lib/libevent_core.a"; sourceTree = "<group>"; };
		947DA15F1F24876E00BB6E27 /* libevent_extra.a */ = {isa = PBXFileReference; lastKnownFileType = archive.ar; name = libevent_extra.a; path = "vendor/darwin-x86_64/lib/libevent_extra.a"; sourceTree = "<group>"; };
		947DA1601F24876E00BB6E27 /* libevent_pthreads.a */ = {isa = PBXFileReference; lastKnownFileType = archive.ar; name = libevent_pthreads.a; path = "vendor/darwin-x86_64/lib/libevent_pthreads.a"; sourceTree = "<group>"; };
		947DA1641F24877900BB6E27 /* libpthread.tbd */ = {isa = PBXFileReference; lastKnownFileType = "sourcecode.text-based-dylib-definition"; name = libpthread.tbd; path = usr/lib/libpthread.tbd; sourceTree = SDKROOT; };
		947DA1661F2487B100BB6E27 /* libsodium.a */ = {isa = PBXFileReference; lastKnownFileType = archive.ar; name = libsodium.a; path = "vendor/darwin-x86_64/lib/libsodium.a"; sourceTree = "<group>"; };
		94C78D471F2264B200070279 /* main.c */ = {isa = PBXFileReference; fileEncoding = 4; lastKnownFileType = sourcecode.c.c; path = main.c; sourceTree = "<group>"; };
		94C78D481F2264B200070279 /* tun.c */ = {isa = PBXFileReference; fileEncoding = 4; lastKnownFileType = sourcecode.c.c; path = tun.c; sourceTree = "<group>"; };
		94C78D4D1F2266C200070279 /* crypto.h */ = {isa = PBXFileReference; lastKnownFileType = sourcecode.c.h; path = crypto.h; sourceTree = "<group>"; };
		94C78D511F226D0300070279 /* crypto.c */ = {isa = PBXFileReference; fileEncoding = 4; lastKnownFileType = sourcecode.c.c; path = crypto.c; sourceTree = "<group>"; };
		94C78DB11F235EFC00070279 /* common.c */ = {isa = PBXFileReference; fileEncoding = 4; lastKnownFileType = sourcecode.c.c; path = common.c; sourceTree = "<group>"; };
/* End PBXFileReference section */

/* Begin PBXFrameworksBuildPhase section */
		9461A1321F2210CF00FB6A7F /* Frameworks */ = {
			isa = PBXFrameworksBuildPhase;
			buildActionMask = 2147483647;
			files = (
				947DA1671F2487B100BB6E27 /* libsodium.a in Frameworks */,
				947DA1651F24877900BB6E27 /* libpthread.tbd in Frameworks */,
				947DA1611F24876E00BB6E27 /* libevent_core.a in Frameworks */,
				947DA1621F24876E00BB6E27 /* libevent_extra.a in Frameworks */,
				947DA1631F24876E00BB6E27 /* libevent_pthreads.a in Frameworks */,
			);
			runOnlyForDeploymentPostprocessing = 0;
		};
/* End PBXFrameworksBuildPhase section */

/* Begin PBXGroup section */
		9427714A1F2379C6007EB726 /* Frameworks */ = {
			isa = PBXGroup;
			children = (
				947DA1661F2487B100BB6E27 /* libsodium.a */,
				947DA1641F24877900BB6E27 /* libpthread.tbd */,
				947DA15E1F24876E00BB6E27 /* libevent_core.a */,
				947DA15F1F24876E00BB6E27 /* libevent_extra.a */,
				947DA1601F24876E00BB6E27 /* libevent_pthreads.a */,
				942771521F23EDD5007EB726 /* libevent_core.a */,
				942771531F23EDD5007EB726 /* libevent_extra.a */,
				942771541F23EDD5007EB726 /* libevent_pthreads.a */,
				9427714D1F23A33E007EB726 /* libuv.a */,
				9427714B1F2379C6007EB726 /* libsodium.a */,
			);
			name = Frameworks;
			sourceTree = "<group>";
		};
		9461A12C1F2210CF00FB6A7F = {
			isa = PBXGroup;
			children = (
				9461A1401F22113300FB6A7F /* include */,
				94C78D461F2264B200070279 /* src */,
				9461A1361F2210CF00FB6A7F /* Products */,
				9427714A1F2379C6007EB726 /* Frameworks */,
			);
			sourceTree = "<group>";
		};
		9461A1361F2210CF00FB6A7F /* Products */ = {
			isa = PBXGroup;
			children = (
				9461A1351F2210CF00FB6A7F /* flee */,
			);
			name = Products;
			sourceTree = "<group>";
		};
		9461A1401F22113300FB6A7F /* include */ = {
			isa = PBXGroup;
			children = (
				9461A1411F22113300FB6A7F /* flee */,
				9461A1441F22113300FB6A7F /* flee.h */,
			);
			path = include;
			sourceTree = "<group>";
		};
		9461A1411F22113300FB6A7F /* flee */ = {
			isa = PBXGroup;
			children = (
				9461A1421F22113300FB6A7F /* common.h */,
				9461A1431F22113300FB6A7F /* tun.h */,
				94C78D4D1F2266C200070279 /* crypto.h */,
				9427714F1F23C00F007EB726 /* client.h */,
			);
			path = flee;
			sourceTree = "<group>";
		};
		94C78D461F2264B200070279 /* src */ = {
			isa = PBXGroup;
			children = (
				94C78D471F2264B200070279 /* main.c */,
				94C78D481F2264B200070279 /* tun.c */,
				94C78D511F226D0300070279 /* crypto.c */,
				94C78DB11F235EFC00070279 /* common.c */,
				942771501F23C53E007EB726 /* client.c */,
			);
			path = src;
			sourceTree = "<group>";
		};
/* End PBXGroup section */

/* Begin PBXNativeTarget section */
		9461A1341F2210CF00FB6A7F /* flee */ = {
			isa = PBXNativeTarget;
			buildConfigurationList = 9461A13C1F2210CF00FB6A7F /* Build configuration list for PBXNativeTarget "flee" */;
			buildPhases = (
				9461A1311F2210CF00FB6A7F /* Sources */,
				9461A1321F2210CF00FB6A7F /* Frameworks */,
				9461A1331F2210CF00FB6A7F /* CopyFiles */,
			);
			buildRules = (
			);
			dependencies = (
			);
			name = flee;
			productName = flee;
			productReference = 9461A1351F2210CF00FB6A7F /* flee */;
			productType = "com.apple.product-type.tool";
		};
/* End PBXNativeTarget section */

/* Begin PBXProject section */
		9461A12D1F2210CF00FB6A7F /* Project object */ = {
			isa = PBXProject;
			attributes = {
				LastUpgradeCheck = 0830;
				ORGANIZATIONNAME = YoRHa;
				TargetAttributes = {
					9461A1341F2210CF00FB6A7F = {
						CreatedOnToolsVersion = 8.3.3;
						ProvisioningStyle = Automatic;
					};
				};
			};
			buildConfigurationList = 9461A1301F2210CF00FB6A7F /* Build configuration list for PBXProject "flee" */;
			compatibilityVersion = "Xcode 3.2";
			developmentRegion = English;
			hasScannedForEncodings = 0;
			knownRegions = (
				en,
			);
			mainGroup = 9461A12C1F2210CF00FB6A7F;
			productRefGroup = 9461A1361F2210CF00FB6A7F /* Products */;
			projectDirPath = "";
			projectRoot = "";
			targets = (
				9461A1341F2210CF00FB6A7F /* flee */,
			);
		};
/* End PBXProject section */

/* Begin PBXSourcesBuildPhase section */
		9461A1311F2210CF00FB6A7F /* Sources */ = {
			isa = PBXSourcesBuildPhase;
			buildActionMask = 2147483647;
			files = (
				94C78D4A1F2264B200070279 /* main.c in Sources */,
				94C78D4B1F2264B200070279 /* tun.c in Sources */,
				942771511F23C53E007EB726 /* client.c in Sources */,
				94C78D521F226D0300070279 /* crypto.c in Sources */,
				94C78DB21F235EFC00070279 /* common.c in Sources */,
			);
			runOnlyForDeploymentPostprocessing = 0;
		};
/* End PBXSourcesBuildPhase section */

/* Begin XCBuildConfiguration section */
		9461A13A1F2210CF00FB6A7F /* Debug */ = {
			isa = XCBuildConfiguration;
			buildSettings = {
				ALWAYS_SEARCH_USER_PATHS = NO;
				CLANG_ANALYZER_NONNULL = YES;
				CLANG_ANALYZER_NUMBER_OBJECT_CONVERSION = YES_AGGRESSIVE;
				CLANG_CXX_LANGUAGE_STANDARD = "gnu++0x";
				CLANG_CXX_LIBRARY = "libc++";
				CLANG_ENABLE_MODULES = YES;
				CLANG_ENABLE_OBJC_ARC = YES;
				CLANG_WARN_BOOL_CONVERSION = YES;
				CLANG_WARN_CONSTANT_CONVERSION = YES;
				CLANG_WARN_DIRECT_OBJC_ISA_USAGE = YES_ERROR;
				CLANG_WARN_DOCUMENTATION_COMMENTS = YES;
				CLANG_WARN_EMPTY_BODY = YES;
				CLANG_WARN_ENUM_CONVERSION = YES;
				CLANG_WARN_INFINITE_RECURSION = YES;
				CLANG_WARN_INT_CONVERSION = YES;
				CLANG_WARN_OBJC_ROOT_CLASS = YES_ERROR;
				CLANG_WARN_SUSPICIOUS_MOVE = YES;
				CLANG_WARN_UNREACHABLE_CODE = YES;
				CLANG_WARN__DUPLICATE_METHOD_MATCH = YES;
				CODE_SIGN_IDENTITY = "-";
				COPY_PHASE_STRIP = NO;
				DEBUG_INFORMATION_FORMAT = dwarf;
				ENABLE_STRICT_OBJC_MSGSEND = YES;
				ENABLE_TESTABILITY = YES;
				GCC_C_LANGUAGE_STANDARD = gnu99;
				GCC_DYNAMIC_NO_PIC = NO;
				GCC_NO_COMMON_BLOCKS = YES;
				GCC_OPTIMIZATION_LEVEL = 0;
				GCC_PREPROCESSOR_DEFINITIONS = (
					"DEBUG=1",
					"$(inherited)",
				);
				GCC_WARN_64_TO_32_BIT_CONVERSION = YES;
				GCC_WARN_ABOUT_RETURN_TYPE = YES_ERROR;
				GCC_WARN_UNDECLARED_SELECTOR = YES;
				GCC_WARN_UNINITIALIZED_AUTOS = YES_AGGRESSIVE;
				GCC_WARN_UNUSED_FUNCTION = YES;
				GCC_WARN_UNUSED_VARIABLE = YES;
				MACOSX_DEPLOYMENT_TARGET = 10.12;
				MTL_ENABLE_DEBUG_INFO = YES;
				ONLY_ACTIVE_ARCH = YES;
				SDKROOT = macosx;
			};
			name = Debug;
		};
		9461A13B1F2210CF00FB6A7F /* Release */ = {
			isa = XCBuildConfiguration;
			buildSettings = {
				ALWAYS_SEARCH_USER_PATHS = NO;
				CLANG_ANALYZER_NONNULL = YES;
				CLANG_ANALYZER_NUMBER_OBJECT_CONVERSION = YES_AGGRESSIVE;
				CLANG_CXX_LANGUAGE_STANDARD = "gnu++0x";
				CLANG_CXX_LIBRARY = "libc++";
				CLANG_ENABLE_MODULES = YES;
				CLANG_ENABLE_OBJC_ARC = YES;
				CLANG_WARN_BOOL_CONVERSION = YES;
				CLANG_WARN_CONSTANT_CONVERSION = YES;
				CLANG_WARN_DIRECT_OBJC_ISA_USAGE = YES_ERROR;
				CLANG_WARN_DOCUMENTATION_COMMENTS = YES;
				CLANG_WARN_EMPTY_BODY = YES;
				CLANG_WARN_ENUM_CONVERSION = YES;
				CLANG_WARN_INFINITE_RECURSION = YES;
				CLANG_WARN_INT_CONVERSION = YES;
				CLANG_WARN_OBJC_ROOT_CLASS = YES_ERROR;
				CLANG_WARN_SUSPICIOUS_MOVE = YES;
				CLANG_WARN_UNREACHABLE_CODE = YES;
				CLANG_WARN__DUPLICATE_METHOD_MATCH = YES;
				CODE_SIGN_IDENTITY = "-";
				COPY_PHASE_STRIP = NO;
				DEBUG_INFORMATION_FORMAT = "dwarf-with-dsym";
				ENABLE_NS_ASSERTIONS = NO;
				ENABLE_STRICT_OBJC_MSGSEND = YES;
				GCC_C_LANGUAGE_STANDARD = gnu99;
				GCC_NO_COMMON_BLOCKS = YES;
				GCC_WARN_64_TO_32_BIT_CONVERSION = YES;
				GCC_WARN_ABOUT_RETURN_TYPE = YES_ERROR;
				GCC_WARN_UNDECLARED_SELECTOR = YES;
				GCC_WARN_UNINITIALIZED_AUTOS = YES_AGGRESSIVE;
				GCC_WARN_UNUSED_FUNCTION = YES;
				GCC_WARN_UNUSED_VARIABLE = YES;
				MACOSX_DEPLOYMENT_TARGET = 10.12;
				MTL_ENABLE_DEBUG_INFO = NO;
				SDKROOT = macosx;
			};
			name = Release;
		};
		9461A13D1F2210CF00FB6A7F /* Debug */ = {
			isa = XCBuildConfiguration;
			buildSettings = {
				HEADER_SEARCH_PATHS = (
					"$(PROJECT_DIR)/vendor/darwin-x86_64/include",
					"$(PROJECT_DIR)/include",
				);
				LIBRARY_SEARCH_PATHS = (
					"$(inherited)",
					"$(PROJECT_DIR)/vendor/darwin-x86_64/lib",
				);
				PRODUCT_NAME = "$(TARGET_NAME)";
			};
			name = Debug;
		};
		9461A13E1F2210CF00FB6A7F /* Release */ = {
			isa = XCBuildConfiguration;
			buildSettings = {
				HEADER_SEARCH_PATHS = (
					"$(PROJECT_DIR)/vendor/darwin-x86_64/include",
					"$(PROJECT_DIR)/include",
				);
				LIBRARY_SEARCH_PATHS = (
					"$(inherited)",
					"$(PROJECT_DIR)/vendor/darwin-x86_64/lib",
				);
				PRODUCT_NAME = "$(TARGET_NAME)";
			};
			name = Release;
		};
/* End XCBuildConfiguration section */

/* Begin XCConfigurationList section */
		9461A1301F2210CF00FB6A7F /* Build configuration list for PBXProject "flee" */ = {
			isa = XCConfigurationList;
			buildConfigurations = (
				9461A13A1F2210CF00FB6A7F /* Debug */,
				9461A13B1F2210CF00FB6A7F /* Release */,
			);
			defaultConfigurationIsVisible = 0;
			defaultConfigurationName = Release;
		};
		9461A13C1F2210CF00FB6A7F /* Build configuration list for PBXNativeTarget "flee" */ = {
			isa = XCConfigurationList;
			buildConfigurations = (
				9461A13D1F2210CF00FB6A7F /* Debug */,
				9461A13E1F2210CF00FB6A7F /* Release */,
			);
			defaultConfigurationIsVisible = 0;
			defaultConfigurationName = Release;
		};
/* End XCConfigurationList section */
	};
	rootObject = 9461A12D1F2210CF00FB6A7F /* Project object */;
}
